
Microsoft Visual Studio Solution File, Format Version 12.00
# Visual Studio Version 17
VisualStudioVersion = 17.0.31903.59
MinimumVisualStudioVersion = 10.0.40219.1
Project("{FAE04EC0-301F-11D3-BF4B-00C04F79EFBC}") = "Grabber", "Grabber\Grabber.csproj", "{BDCCEECD-7514-44D7-A4DD-F91A7599347A}"
EndProject
Global
	GlobalSection(SolutionConfigurationPlatforms) = preSolution
		Debug|Any CPU = Debug|Any CPU
		Release|Any CPU = Release|Any CPU
	EndGlobalSection
	GlobalSection(ProjectConfigurationPlatforms) = postSolution
		{BDCCEECD-7514-44D7-A4DD-F91A7599347A}.Debug|Any CPU.ActiveCfg = Debug|Any CPU
		{BDCCEECD-7514-44D7-A4DD-F91A7599347A}.Debug|Any CPU.Build.0 = Debug|Any CPU
		{BDCCEECD-7514-44D7-A4DD-F91A7599347A}.Release|Any CPU.ActiveCfg = Release|Any CPU
		{BDCCEECD-7514-44D7-A4DD-F91A7599347A}.Release|Any CPU.Build.0 = Release|Any CPU
	EndGlobalSection
	GlobalSection(SolutionProperties) = preSolution
		HideSolutionNode = FALSE
	EndGlobalSection
	GlobalSection(ExtensibilityGlobals) = postSolution
		SolutionGuid = {AE38DC59-D87E-44C3-90F1-52953B4903C7}
	EndGlobalSection
EndGlobal
